{
  "name": "@nodedk/iso",
  "version": "0.0.1",
  "lockfileVersion": 3,
  "requires": true,
  "packages": {
    "": {
      "name": "@nodedk/iso",
      "version": "0.0.1",
      "dependencies": {
        "@nodedk/tools": "^0.3.0"
      }
    },
    "node_modules/@noble/hashes": {
      "version": "2.0.1",
      "resolved": "https://pkgs.ndk.sh/@noble/hashes/-/hashes-2.0.1.tgz",
      "integrity": "sha512-XlOlEbQcE9fmuXxrVTXCTlG2nlRXa9Rj3rr5Ue/+tX+nmkgbX720YHh0VR3hBF9xDvwnb8D2shVGOwNx+ulArw==",
      "license": "MIT",
      "engines": {
        "node": ">= 20.19.0"
      },
      "funding": {
        "url": "https://paulmillr.com/funding/"
      }
    },
    "node_modules/@nodedk/tools": {
      "version": "0.3.0",
      "resolved": "https://pkgs.ndk.sh/@nodedk/tools/-/tools-0.3.0.tgz",
      "integrity": "sha512-wgEi+cuD4F3EC6u/Hop7AtMlAbAQMRIoeWmltme9eg4wpUcGZp2CwIdgy5wrtVo7bwBG8TopQynPblka0lLUfg==",
      "dependencies": {
        "@paralleldrive/cuid2": "^3.1.0",
        "bcryptjs": "^3.0.2",
        "js-yaml": "^4.1.0",
        "uuid": "^13.0.0"
      }
    },
    "node_modules/@paralleldrive/cuid2": {
      "version": "3.1.0",
      "resolved": "https://pkgs.ndk.sh/@paralleldrive/cuid2/-/cuid2-3.1.0.tgz",
      "integrity": "sha512-UhTJsF2XGlIFmGGTUKBfmNCX+B/UCv3w0OHhq2CJIsfH33GN1lkgjATozG+Pf7s3ACcUdM4qaWgzy4Rr8PlUdA==",
      "license": "MIT",
      "dependencies": {
        "@noble/hashes": "^2.0.1",
        "bignumber.js": "^9.3.1",
        "error-causes": "^3.0.2"
      },
      "bin": {
        "cuid2": "bin/cuid2.js"
      }
    },
    "node_modules/argparse": {
      "version": "2.0.1",
      "resolved": "https://pkgs.ndk.sh/argparse/-/argparse-2.0.1.tgz",
      "integrity": "sha512-8+9WqebbFzpX9OR+Wa6O29asIogeRMzcGtAINdpMHHyAg10f05aSFVBbcEqGf/PXw1EjAZ+q2/bEBg3DvurK3Q==",
      "license": "Python-2.0"
    },
    "node_modules/bcryptjs": {
      "version": "3.0.3",
      "resolved": "https://pkgs.ndk.sh/bcryptjs/-/bcryptjs-3.0.3.tgz",
      "integrity": "sha512-GlF5wPWnSa/X5LKM1o0wz0suXIINz1iHRLvTS+sLyi7XPbe5ycmYI3DlZqVGZZtDgl4DmasFg7gOB3JYbphV5g==",
      "license": "BSD-3-Clause",
      "bin": {
        "bcrypt": "bin/bcrypt"
      }
    },
    "node_modules/bignumber.js": {
      "version": "9.3.1",
      "resolved": "https://pkgs.ndk.sh/bignumber.js/-/bignumber.js-9.3.1.tgz",
      "integrity": "sha512-Ko0uX15oIUS7wJ3Rb30Fs6SkVbLmPBAKdlm7q9+ak9bbIeFf0MwuBsQV6z7+X768/cHsfg+WlysDWJcmthjsjQ==",
      "license": "MIT",
      "engines": {
        "node": "*"
      }
    },
    "node_modules/error-causes": {
      "version": "3.0.2",
      "resolved": "https://pkgs.ndk.sh/error-causes/-/error-causes-3.0.2.tgz",
      "integrity": "sha512-i0B8zq1dHL6mM85FGoxaJnVtx6LD5nL2v0hlpGdntg5FOSyzQ46c9lmz5qx0xRS2+PWHGOHcYxGIBC5Le2dRMw==",
      "license": "MIT"
    },
    "node_modules/js-yaml": {
      "version": "4.1.1",
      "resolved": "https://pkgs.ndk.sh/js-yaml/-/js-yaml-4.1.1.tgz",
      "integrity": "sha512-qQKT4zQxXl8lLwBtHMWwaTcGfFOZviOJet3Oy/xmGk2gZH677CJM9EvtfdSkgWcATZhj/55JZ0rmy3myCT5lsA==",
      "license": "MIT",
      "dependencies": {
        "argparse": "^2.0.1"
      },
      "bin": {
        "js-yaml": "bin/js-yaml.js"
      }
    },
    "node_modules/uuid": {
      "version": "13.0.0",
      "resolved": "https://pkgs.ndk.sh/uuid/-/uuid-13.0.0.tgz",
      "integrity": "sha512-XQegIaBTVUjSHliKqcnFqYypAd4S+WCYt5NIeRs6w/UAry7z8Y9j5ZwRRL4kzq9U3sD6v+85er9FvkEaBpji2w==",
      "funding": [
        "https://github.com/sponsors/broofa",
        "https://github.com/sponsors/ctavan"
      ],
      "license": "MIT",
      "bin": {
        "uuid": "dist-node/bin/uuid"
      }
    }
  }
}
